{
  "name": "mmm-grovegesture",
  "version": "1.1.1",
  "lockfileVersion": 3,
  "requires": true,
  "packages": {
    "": {
      "name": "mmm-grovegesture",
      "version": "1.1.1",
      "license": "MIT",
      "dependencies": {
        "python-shell": "^1.0.6"
      }
    },
    "node_modules/python-shell": {
      "version": "1.0.8",
      "resolved": "https://registry.npmjs.org/python-shell/-/python-shell-1.0.8.tgz",
      "integrity": "sha512-jMKagerg3alm6j+Prq5t/M3dTgEppy5vC6ns+LqAjfuHiT8olfK3PMokpqpeEcWEqvDnUcAOhp6SQzaLBtTzRw==",
      "license": "MIT",
      "engines": {
        "node": ">=0.10"
      }
    }
  }
}
